
Microsoft Visual Studio Solution File, Format Version 12.00
# Visual Studio Version 16
VisualStudioVersion = 16.0.30225.117
MinimumVisualStudioVersion = 10.0.40219.1
Project("{FAE04EC0-301F-11D3-BF4B-00C04F79EFBC}") = "MVVMwithWPFProject", "WpfAppICommandProject\MVVMwithWPFProject.csproj", "{1B5C38A9-B522-484A-AF03-7D9F2F1C7C0F}"
EndProject
Global
	GlobalSection(SolutionConfigurationPlatforms) = preSolution
		Debug|Any CPU = Debug|Any CPU
		Release|Any CPU = Release|Any CPU
	EndGlobalSection
	GlobalSection(ProjectConfigurationPlatforms) = postSolution
		{1B5C38A9-B522-484A-AF03-7D9F2F1C7C0F}.Debug|Any CPU.ActiveCfg = Debug|Any CPU
		{1B5C38A9-B522-484A-AF03-7D9F2F1C7C0F}.Debug|Any CPU.Build.0 = Debug|Any CPU
		{1B5C38A9-B522-484A-AF03-7D9F2F1C7C0F}.Release|Any CPU.ActiveCfg = Release|Any CPU
		{1B5C38A9-B522-484A-AF03-7D9F2F1C7C0F}.Release|Any CPU.Build.0 = Release|Any CPU
	EndGlobalSection
	GlobalSection(SolutionProperties) = preSolution
		HideSolutionNode = FALSE
	EndGlobalSection
	GlobalSection(ExtensibilityGlobals) = postSolution
		SolutionGuid = {0F25B38C-4A53-4296-A0EA-9BA82B0F9EFD}
	EndGlobalSection
EndGlobal
